
Microsoft Visual Studio Solution File, Format Version 12.00
# Visual Studio Version 16
VisualStudioVersion = 16.0.30413.136
MinimumVisualStudioVersion = 10.0.40219.1
Project("{9A19103F-16F7-4668-BE54-9A1E7A4F7556}") = "BreadRecipesWithWasmBlazor.Client", "BreadRecipesWithWasmBlazor.Client\BreadRecipesWithWasmBlazor.Client.csproj", "{56539A25-260A-4E21-9E33-81C549CEC0ED}"
EndProject
Project("{9A19103F-16F7-4668-BE54-9A1E7A4F7556}") = "AccountOwnerServer", "AccountOwnerServer\AccountOwnerServer.csproj", "{5ED2819A-2561-4CEE-A011-DFCD28DBC86C}"
EndProject
Project("{9A19103F-16F7-4668-BE54-9A1E7A4F7556}") = "Contracts", "Contracts\Contracts.csproj", "{633D6DA5-1270-4B1D-9F20-1690E3E36C39}"
EndProject
Project("{9A19103F-16F7-4668-BE54-9A1E7A4F7556}") = "LoggerService", "LoggerService\LoggerService.csproj", "{B83C0DEE-95FC-4F84-9E19-D24470099550}"
EndProject
Project("{9A19103F-16F7-4668-BE54-9A1E7A4F7556}") = "SharedLibrary", "SharedLibrary\SharedLibrary.csproj", "{26016097-2C43-4300-A89E-DADCFC343435}"
EndProject
Global
	GlobalSection(SolutionConfigurationPlatforms) = preSolution
		Debug|Any CPU = Debug|Any CPU
		Release|Any CPU = Release|Any CPU
	EndGlobalSection
	GlobalSection(ProjectConfigurationPlatforms) = postSolution
		{56539A25-260A-4E21-9E33-81C549CEC0ED}.Debug|Any CPU.ActiveCfg = Debug|Any CPU
		{56539A25-260A-4E21-9E33-81C549CEC0ED}.Debug|Any CPU.Build.0 = Debug|Any CPU
		{56539A25-260A-4E21-9E33-81C549CEC0ED}.Release|Any CPU.ActiveCfg = Release|Any CPU
		{56539A25-260A-4E21-9E33-81C549CEC0ED}.Release|Any CPU.Build.0 = Release|Any CPU
		{5ED2819A-2561-4CEE-A011-DFCD28DBC86C}.Debug|Any CPU.ActiveCfg = Debug|Any CPU
		{5ED2819A-2561-4CEE-A011-DFCD28DBC86C}.Debug|Any CPU.Build.0 = Debug|Any CPU
		{5ED2819A-2561-4CEE-A011-DFCD28DBC86C}.Release|Any CPU.ActiveCfg = Release|Any CPU
		{5ED2819A-2561-4CEE-A011-DFCD28DBC86C}.Release|Any CPU.Build.0 = Release|Any CPU
		{633D6DA5-1270-4B1D-9F20-1690E3E36C39}.Debug|Any CPU.ActiveCfg = Debug|Any CPU
		{633D6DA5-1270-4B1D-9F20-1690E3E36C39}.Debug|Any CPU.Build.0 = Debug|Any CPU
		{633D6DA5-1270-4B1D-9F20-1690E3E36C39}.Release|Any CPU.ActiveCfg = Release|Any CPU
		{633D6DA5-1270-4B1D-9F20-1690E3E36C39}.Release|Any CPU.Build.0 = Release|Any CPU
		{B83C0DEE-95FC-4F84-9E19-D24470099550}.Debug|Any CPU.ActiveCfg = Debug|Any CPU
		{B83C0DEE-95FC-4F84-9E19-D24470099550}.Debug|Any CPU.Build.0 = Debug|Any CPU
		{B83C0DEE-95FC-4F84-9E19-D24470099550}.Release|Any CPU.ActiveCfg = Release|Any CPU
		{B83C0DEE-95FC-4F84-9E19-D24470099550}.Release|Any CPU.Build.0 = Release|Any CPU
		{26016097-2C43-4300-A89E-DADCFC343435}.Debug|Any CPU.ActiveCfg = Debug|Any CPU
		{26016097-2C43-4300-A89E-DADCFC343435}.Debug|Any CPU.Build.0 = Debug|Any CPU
		{26016097-2C43-4300-A89E-DADCFC343435}.Release|Any CPU.ActiveCfg = Release|Any CPU
		{26016097-2C43-4300-A89E-DADCFC343435}.Release|Any CPU.Build.0 = Release|Any CPU
	EndGlobalSection
	GlobalSection(SolutionProperties) = preSolution
		HideSolutionNode = FALSE
	EndGlobalSection
	GlobalSection(ExtensibilityGlobals) = postSolution
		SolutionGuid = {8F8C2FA9-88A7-4873-A9D4-9F862CE03439}
	EndGlobalSection
EndGlobal
